# THIS IS AN AUTOGENERATED FILE. DO NOT EDIT THIS FILE DIRECTLY.
# yarn lockfile v1


is-absolute-url@^2.0.0:
  version "2.1.0"
  resolved "https://registry.yarnpkg.com/is-absolute-url/-/is-absolute-url-2.1.0.tgz#50530dfb84fcc9aa7dbe7852e83a37b93b9f2aa6"

is-relative-url@^2.0.0:
  version "2.0.0"
  resolved "https://registry.yarnpkg.com/is-relative-url/-/is-relative-url-2.0.0.tgz#72902d7fe04b3d4792e7db15f9db84b7204c9cef"
  dependencies:
    is-absolute-url "^2.0.0"

unist-util-visit@^1.1.3:
  version "1.1.3"
  resolved "https://registry.yarnpkg.com/unist-util-visit/-/unist-util-visit-1.1.3.tgz#ec268e731b9d277a79a5b5aa0643990e405d600b"
